{
  "name": "@openai/codex",
  "version": "0.145.0-alpha.23",
  "lockfileVersion": 3,
  "requires": true,
  "packages": {
    "": {
      "name": "@openai/codex",
      "version": "0.145.0-alpha.23",
      "license": "Apache-2.0",
      "bin": {
        "codex": "bin/codex.js"
      },
      "engines": {
        "node": ">=16"
      },
      "optionalDependencies": {
        "@openai/codex-darwin-arm64": "npm:@openai/codex@0.145.0-alpha.23-darwin-arm64",
        "@openai/codex-darwin-x64": "npm:@openai/codex@0.145.0-alpha.23-darwin-x64",
        "@openai/codex-linux-arm64": "npm:@openai/codex@0.145.0-alpha.23-linux-arm64",
        "@openai/codex-linux-x64": "npm:@openai/codex@0.145.0-alpha.23-linux-x64",
        "@openai/codex-win32-arm64": "npm:@openai/codex@0.145.0-alpha.23-win32-arm64",
        "@openai/codex-win32-x64": "npm:@openai/codex@0.145.0-alpha.23-win32-x64"
      }
    },
    "node_modules/@openai/codex-darwin-arm64": {
      "name": "@openai/codex",
      "version": "0.145.0-alpha.23-darwin-arm64",
      "resolved": "https://registry.npmjs.org/@openai/codex/-/codex-0.145.0-alpha.23-darwin-arm64.tgz",
      "integrity": "sha512-V5d4hijBgDuIP/XrLjg5Syl1PUi/cWZgu20H9b+HEsxh8wvzv6zB+P8TCVGEoRX43zHI5PhaW4a65eWSrv3+vg==",
      "cpu": [
        "arm64"
      ],
      "license": "Apache-2.0",
      "optional": true,
      "os": [
        "darwin"
      ],
      "engines": {
        "node": ">=16"
      }
    },
    "node_modules/@openai/codex-darwin-x64": {
      "name": "@openai/codex",
      "version": "0.145.0-alpha.23-darwin-x64",
      "resolved": "https://registry.npmjs.org/@openai/codex/-/codex-0.145.0-alpha.23-darwin-x64.tgz",
      "integrity": "sha512-Drmr0Ls4wyn/m1SosO32lUBf2Vcbb2MLKtjQQWDL6oh6QukiqGhWrxiYRgDlIBilJMBZAENA25DKH+s5U/ACKg==",
      "cpu": [
        "x64"
      ],
      "license": "Apache-2.0",
      "optional": true,
      "os": [
        "darwin"
      ],
      "engines": {
        "node": ">=16"
      }
    },
    "node_modules/@openai/codex-linux-arm64": {
      "name": "@openai/codex",
      "version": "0.145.0-alpha.23-linux-arm64",
      "resolved": "https://registry.npmjs.org/@openai/codex/-/codex-0.145.0-alpha.23-linux-arm64.tgz",
      "integrity": "sha512-MUtBQBjFIv/vG0swGVpgOFCsBzvkf8llvVvYnUhaL4WQoU+/NJZWMot6Ex509hIQn3mpZLxWBIj4CSeyEe4zXA==",
      "cpu": [
        "arm64"
      ],
      "license": "Apache-2.0",
      "optional": true,
      "os": [
        "linux"
      ],
      "engines": {
        "node": ">=16"
      }
    },
    "node_modules/@openai/codex-linux-x64": {
      "name": "@openai/codex",
      "version": "0.145.0-alpha.23-linux-x64",
      "resolved": "https://registry.npmjs.org/@openai/codex/-/codex-0.145.0-alpha.23-linux-x64.tgz",
      "integrity": "sha512-sX1Dw63FAd/3c+ci0cThnMu9ShhvVTlm49RU+brL7MK9KkrnFYjGZm+FJ1wCePISHanGboqJAWdYvlaCJzB+vg==",
      "cpu": [
        "x64"
      ],
      "license": "Apache-2.0",
      "optional": true,
      "os": [
        "linux"
      ],
      "engines": {
        "node": ">=16"
      }
    },
    "node_modules/@openai/codex-win32-arm64": {
      "name": "@openai/codex",
      "version": "0.145.0-alpha.23-win32-arm64",
      "resolved": "https://registry.npmjs.org/@openai/codex/-/codex-0.145.0-alpha.23-win32-arm64.tgz",
      "integrity": "sha512-UcfvS49GSY+4HDrW2GN21L0wYfouEAv9IceayMTHeOqJIdBLYlNtda1oTRy+LrhEbfkW8dts4gG8C/s2mtf3uQ==",
      "cpu": [
        "arm64"
      ],
      "license": "Apache-2.0",
      "optional": true,
      "os": [
        "win32"
      ],
      "engines": {
        "node": ">=16"
      }
    },
    "node_modules/@openai/codex-win32-x64": {
      "name": "@openai/codex",
      "version": "0.145.0-alpha.23-win32-x64",
      "resolved": "https://registry.npmjs.org/@openai/codex/-/codex-0.145.0-alpha.23-win32-x64.tgz",
      "integrity": "sha512-lu4KHqWTp8Jmmn+JQBe6BM7FK2syZ6En9svK8VFyedDgYqi0b0ljpauWW8T4U8hjIWf/O9gSCE52y5b/CQU3Fw==",
      "cpu": [
        "x64"
      ],
      "license": "Apache-2.0",
      "optional": true,
      "os": [
        "win32"
      ],
      "engines": {
        "node": ">=16"
      }
    }
  }
}
