{
  "name": "@openai/codex",
  "version": "0.146.0-alpha.10",
  "lockfileVersion": 3,
  "requires": true,
  "packages": {
    "": {
      "name": "@openai/codex",
      "version": "0.146.0-alpha.10",
      "license": "Apache-2.0",
      "bin": {
        "codex": "bin/codex.js"
      },
      "engines": {
        "node": ">=16"
      },
      "optionalDependencies": {
        "@openai/codex-darwin-arm64": "npm:@openai/codex@0.146.0-alpha.10-darwin-arm64",
        "@openai/codex-darwin-x64": "npm:@openai/codex@0.146.0-alpha.10-darwin-x64",
        "@openai/codex-linux-arm64": "npm:@openai/codex@0.146.0-alpha.10-linux-arm64",
        "@openai/codex-linux-x64": "npm:@openai/codex@0.146.0-alpha.10-linux-x64",
        "@openai/codex-win32-arm64": "npm:@openai/codex@0.146.0-alpha.10-win32-arm64",
        "@openai/codex-win32-x64": "npm:@openai/codex@0.146.0-alpha.10-win32-x64"
      }
    },
    "node_modules/@openai/codex-darwin-arm64": {
      "name": "@openai/codex",
      "version": "0.146.0-alpha.10-darwin-arm64",
      "resolved": "https://registry.npmjs.org/@openai/codex/-/codex-0.146.0-alpha.10-darwin-arm64.tgz",
      "integrity": "sha512-3PuVs7Eg3Q+nC8nBzaC5ZGJikpNvvJsxuPS6pkKLWoGlgs2rVf+fN+A627k+W65UL5Hie3ZZO9yZ8/M1Yy6EGA==",
      "cpu": [
        "arm64"
      ],
      "license": "Apache-2.0",
      "optional": true,
      "os": [
        "darwin"
      ],
      "engines": {
        "node": ">=16"
      }
    },
    "node_modules/@openai/codex-darwin-x64": {
      "name": "@openai/codex",
      "version": "0.146.0-alpha.10-darwin-x64",
      "resolved": "https://registry.npmjs.org/@openai/codex/-/codex-0.146.0-alpha.10-darwin-x64.tgz",
      "integrity": "sha512-pllwxmuQVQ3eVnNjAaE22MMBqSrMQx0Az1reGQcdWlAbO8CUNKKzOPy5ksUgSUgJDbBjLww3YWsnSNNJfaJGOQ==",
      "cpu": [
        "x64"
      ],
      "license": "Apache-2.0",
      "optional": true,
      "os": [
        "darwin"
      ],
      "engines": {
        "node": ">=16"
      }
    },
    "node_modules/@openai/codex-linux-arm64": {
      "name": "@openai/codex",
      "version": "0.146.0-alpha.10-linux-arm64",
      "resolved": "https://registry.npmjs.org/@openai/codex/-/codex-0.146.0-alpha.10-linux-arm64.tgz",
      "integrity": "sha512-zAjktmWtRitccmz6XQnEt5tVc1GnEcqlqWQFE8W2JowlrlW6ruFDDZmtgsv5Zjaa3fXEfmhaYnQlGXSIjB3k/A==",
      "cpu": [
        "arm64"
      ],
      "license": "Apache-2.0",
      "optional": true,
      "os": [
        "linux"
      ],
      "engines": {
        "node": ">=16"
      }
    },
    "node_modules/@openai/codex-linux-x64": {
      "name": "@openai/codex",
      "version": "0.146.0-alpha.10-linux-x64",
      "resolved": "https://registry.npmjs.org/@openai/codex/-/codex-0.146.0-alpha.10-linux-x64.tgz",
      "integrity": "sha512-vC+KBPSNj4Ui28GtovK1JomCkfRoOrJ/e2WuEeRms2UQGV7fWgtcd/JYiBRo93q0mL5bduZlxdwOiTGelKbf3Q==",
      "cpu": [
        "x64"
      ],
      "license": "Apache-2.0",
      "optional": true,
      "os": [
        "linux"
      ],
      "engines": {
        "node": ">=16"
      }
    },
    "node_modules/@openai/codex-win32-arm64": {
      "name": "@openai/codex",
      "version": "0.146.0-alpha.10-win32-arm64",
      "resolved": "https://registry.npmjs.org/@openai/codex/-/codex-0.146.0-alpha.10-win32-arm64.tgz",
      "integrity": "sha512-R7obefeQK1cFbYWmoxY8c50F4TVLSJkeNptIRVXqlWrnT5cnhwgfzcCvypkvFwOLXJ3M9NyztCE/sjdNvIKdaA==",
      "cpu": [
        "arm64"
      ],
      "license": "Apache-2.0",
      "optional": true,
      "os": [
        "win32"
      ],
      "engines": {
        "node": ">=16"
      }
    },
    "node_modules/@openai/codex-win32-x64": {
      "name": "@openai/codex",
      "version": "0.146.0-alpha.10-win32-x64",
      "resolved": "https://registry.npmjs.org/@openai/codex/-/codex-0.146.0-alpha.10-win32-x64.tgz",
      "integrity": "sha512-9JmmuYYPqi+Em21Llt5RHw/XhLUW/pT/kdVzEWC1VWGUh0rdaLIw8o9SNx4n4vSIPnPVNnoF/zCg3n8haXYqWQ==",
      "cpu": [
        "x64"
      ],
      "license": "Apache-2.0",
      "optional": true,
      "os": [
        "win32"
      ],
      "engines": {
        "node": ">=16"
      }
    }
  }
}
