{
  "name": "@openai/codex",
  "version": "0.148.0-alpha.5",
  "lockfileVersion": 3,
  "requires": true,
  "packages": {
    "": {
      "name": "@openai/codex",
      "version": "0.148.0-alpha.5",
      "license": "Apache-2.0",
      "bin": {
        "codex": "bin/codex.js"
      },
      "engines": {
        "node": ">=16"
      },
      "optionalDependencies": {
        "@openai/codex-darwin-arm64": "npm:@openai/codex@0.148.0-alpha.5-darwin-arm64",
        "@openai/codex-darwin-x64": "npm:@openai/codex@0.148.0-alpha.5-darwin-x64",
        "@openai/codex-linux-arm64": "npm:@openai/codex@0.148.0-alpha.5-linux-arm64",
        "@openai/codex-linux-x64": "npm:@openai/codex@0.148.0-alpha.5-linux-x64",
        "@openai/codex-win32-arm64": "npm:@openai/codex@0.148.0-alpha.5-win32-arm64",
        "@openai/codex-win32-x64": "npm:@openai/codex@0.148.0-alpha.5-win32-x64"
      }
    },
    "node_modules/@openai/codex-darwin-arm64": {
      "name": "@openai/codex",
      "version": "0.148.0-alpha.5-darwin-arm64",
      "resolved": "https://registry.npmjs.org/@openai/codex/-/codex-0.148.0-alpha.5-darwin-arm64.tgz",
      "integrity": "sha512-xM3wWTg8NAFvT4x3Y7UnQrxzkssLYhKaPEpiu+ur2p4dj6H9gjMOOkYTlnfJpZtYnHsqJcy3SGojD0BlvUn0ag==",
      "cpu": [
        "arm64"
      ],
      "license": "Apache-2.0",
      "optional": true,
      "os": [
        "darwin"
      ],
      "engines": {
        "node": ">=16"
      }
    },
    "node_modules/@openai/codex-darwin-x64": {
      "name": "@openai/codex",
      "version": "0.148.0-alpha.5-darwin-x64",
      "resolved": "https://registry.npmjs.org/@openai/codex/-/codex-0.148.0-alpha.5-darwin-x64.tgz",
      "integrity": "sha512-YKpPkQPU34cn/TvAh8ANMxpvkSNYIDuPBkbzhD0VNQ+XevcWghEzAoktSDOIwfqmKoH+zUKEoIhfzdqcaQBbNQ==",
      "cpu": [
        "x64"
      ],
      "license": "Apache-2.0",
      "optional": true,
      "os": [
        "darwin"
      ],
      "engines": {
        "node": ">=16"
      }
    },
    "node_modules/@openai/codex-linux-arm64": {
      "name": "@openai/codex",
      "version": "0.148.0-alpha.5-linux-arm64",
      "resolved": "https://registry.npmjs.org/@openai/codex/-/codex-0.148.0-alpha.5-linux-arm64.tgz",
      "integrity": "sha512-GgOWxgrGqiTPuSuevxtEVF2ypDSbwTaQk2228TsR7eoIGxcC/JCIUQ4ByvOxPtCIozdJFTR+7iFKg2FlXgKs3g==",
      "cpu": [
        "arm64"
      ],
      "license": "Apache-2.0",
      "optional": true,
      "os": [
        "linux"
      ],
      "engines": {
        "node": ">=16"
      }
    },
    "node_modules/@openai/codex-linux-x64": {
      "name": "@openai/codex",
      "version": "0.148.0-alpha.5-linux-x64",
      "resolved": "https://registry.npmjs.org/@openai/codex/-/codex-0.148.0-alpha.5-linux-x64.tgz",
      "integrity": "sha512-bCN+WfrSyN1sqjh4sxxWNV7FcoiwVoaH3lcgu9notz4ZL9+HUqsAelKPk4tJBSmvR6yxMOhUXkDw2Ff3hQHhPQ==",
      "cpu": [
        "x64"
      ],
      "license": "Apache-2.0",
      "optional": true,
      "os": [
        "linux"
      ],
      "engines": {
        "node": ">=16"
      }
    },
    "node_modules/@openai/codex-win32-arm64": {
      "name": "@openai/codex",
      "version": "0.148.0-alpha.5-win32-arm64",
      "resolved": "https://registry.npmjs.org/@openai/codex/-/codex-0.148.0-alpha.5-win32-arm64.tgz",
      "integrity": "sha512-PkI8JJ9bsA2bDIkMV6p31h3M5PD1ay2aymnCb+Ay/diKu2UY5m3/RJZZvkIyd14xLMLiMKBl3vbiJNhkKPHFfw==",
      "cpu": [
        "arm64"
      ],
      "license": "Apache-2.0",
      "optional": true,
      "os": [
        "win32"
      ],
      "engines": {
        "node": ">=16"
      }
    },
    "node_modules/@openai/codex-win32-x64": {
      "name": "@openai/codex",
      "version": "0.148.0-alpha.5-win32-x64",
      "resolved": "https://registry.npmjs.org/@openai/codex/-/codex-0.148.0-alpha.5-win32-x64.tgz",
      "integrity": "sha512-lah1HXxlYnm8qzk+loqPHDela+j1Ic2NVB2fhCOkDSTfslEVhazE1i87CwQvoLG+aeXgvqS7VxeoWyclLz1THw==",
      "cpu": [
        "x64"
      ],
      "license": "Apache-2.0",
      "optional": true,
      "os": [
        "win32"
      ],
      "engines": {
        "node": ">=16"
      }
    }
  }
}
